
Microsoft Visual Studio Solution File, Format Version 12.00
# Visual Studio Version 17
VisualStudioVersion = 17.11.35327.3
MinimumVisualStudioVersion = 10.0.40219.1
Project("{FAE04EC0-301F-11D3-BF4B-00C04F79EFBC}") = "calculator", "calculator.csproj", "{EA77F2C7-8B01-443D-94F0-32A52A5A850C}"
EndProject
Global
	GlobalSection(SolutionConfigurationPlatforms) = preSolution
		Debug|Any CPU = Debug|Any CPU
		Release|Any CPU = Release|Any CPU
	EndGlobalSection
	GlobalSection(ProjectConfigurationPlatforms) = postSolution
		{EA77F2C7-8B01-443D-94F0-32A52A5A850C}.Debug|Any CPU.ActiveCfg = Debug|Any CPU
		{EA77F2C7-8B01-443D-94F0-32A52A5A850C}.Debug|Any CPU.Build.0 = Debug|Any CPU
		{EA77F2C7-8B01-443D-94F0-32A52A5A850C}.Release|Any CPU.ActiveCfg = Release|Any CPU
		{EA77F2C7-8B01-443D-94F0-32A52A5A850C}.Release|Any CPU.Build.0 = Release|Any CPU
	EndGlobalSection
	GlobalSection(SolutionProperties) = preSolution
		HideSolutionNode = FALSE
	EndGlobalSection
	GlobalSection(ExtensibilityGlobals) = postSolution
		SolutionGuid = {0C7B4BE5-99E2-414C-A8E5-2D453E64C2C9}
	EndGlobalSection
EndGlobal
